
Microsoft Visual Studio Solution File, Format Version 12.00
# Visual Studio Version 16
VisualStudioVersion = 16.0.29411.108
MinimumVisualStudioVersion = 10.0.40219.1
Project("{9A19103F-16F7-4668-BE54-9A1E7A4F7556}") = "MiCake.Core", "MiCake.Core\MiCake.Core.csproj", "{CD13C57E-0896-49DE-BC5B-93F7B8AEE65C}"
EndProject
Project("{9A19103F-16F7-4668-BE54-9A1E7A4F7556}") = "MiCake.Core.Abstractions", "MiCake.Core.Abstractions\MiCake.Core.Abstractions.csproj", "{33056BD5-9D31-44B6-947D-540B33F89104}"
EndProject
Project("{9A19103F-16F7-4668-BE54-9A1E7A4F7556}") = "MiCake.Core.Util", "MiCake.Core.Util\MiCake.Core.Util.csproj", "{237D30D7-EA80-498B-95C6-777B2646AE9F}"
EndProject
Project("{2150E333-8FDC-42A3-9474-1A3956D46DE8}") = "test", "test", "{DD51C453-21A0-4639-9163-4EBF895F4546}"
EndProject
Project("{9A19103F-16F7-4668-BE54-9A1E7A4F7556}") = "MiCake.Core.Tests", "MiCake.Core.Tests\MiCake.Core.Tests.csproj", "{8277E256-4C72-434E-B38C-EC380941339F}"
EndProject
Project("{2150E333-8FDC-42A3-9474-1A3956D46DE8}") = "thirdparty", "thirdparty", "{9B48FE3E-C162-42F1-BB22-043C286AE7B0}"
EndProject
Project("{9A19103F-16F7-4668-BE54-9A1E7A4F7556}") = "MiCake.Serilog", "MiCake.Serilog\MiCake.Serilog.csproj", "{3A971FFD-1137-43E9-9D37-4720363BD034}"
EndProject
Project("{9A19103F-16F7-4668-BE54-9A1E7A4F7556}") = "MiCake.Autofac", "MiCake.Autofac\MiCake.Autofac.csproj", "{04F41B08-CF0E-488E-90D4-90FADA23272D}"
EndProject
Project("{9A19103F-16F7-4668-BE54-9A1E7A4F7556}") = "MiCake.AspNetCore", "MiCake.AspNetCore\MiCake.AspNetCore.csproj", "{8F962981-02CC-4CC1-898B-EE988B157162}"
EndProject
Project("{2150E333-8FDC-42A3-9474-1A3956D46DE8}") = "sample", "sample", "{8436B979-6C9B-4CF7-B020-548E84408B77}"
EndProject
Project("{9A19103F-16F7-4668-BE54-9A1E7A4F7556}") = "BaseMiCakeApplication", "BaseMiCakeApplication\BaseMiCakeApplication.csproj", "{CA700B3C-94E0-485D-B58D-79019DEF5318}"
EndProject
Project("{9A19103F-16F7-4668-BE54-9A1E7A4F7556}") = "MiCake.DDD.Tests", "MiCake.DDD.Tests\MiCake.DDD.Tests.csproj", "{E31200E9-DDAC-4E44-A5AB-21D8C31F420B}"
EndProject
Project("{9A19103F-16F7-4668-BE54-9A1E7A4F7556}") = "MiCake.DDD.Domain", "MiCake.DDD.Domain\MiCake.DDD.Domain.csproj", "{EA319D0F-58CE-4498-BE35-5218EDAC1F38}"
EndProject
Project("{9A19103F-16F7-4668-BE54-9A1E7A4F7556}") = "MiCake.DDD.Application", "MiCake.DDD.Application\MiCake.DDD.Application.csproj", "{DD6092D2-EFFD-4745-B3C6-C7EBD8EE16CC}"
EndProject
Project("{9A19103F-16F7-4668-BE54-9A1E7A4F7556}") = "MiCake.Uow", "MiCake.Uow\MiCake.Uow.csproj", "{736D15D4-8731-4C5C-9C24-FD65868AC025}"
EndProject
Project("{9A19103F-16F7-4668-BE54-9A1E7A4F7556}") = "MiCake.Uow.Test", "MiCake.Uow.Test\MiCake.Uow.Test.csproj", "{CFB74A96-DC93-4714-A3EF-ADFAD670DDCB}"
EndProject
Project("{9A19103F-16F7-4668-BE54-9A1E7A4F7556}") = "MiCake.EntityFrameworkCore", "MiCake.EntityFrameCore\MiCake.EntityFrameworkCore.csproj", "{ABBB6A93-2015-4EEC-B324-6B779CC3CC38}"
EndProject
Project("{FAE04EC0-301F-11D3-BF4B-00C04F79EFBC}") = "MiCake.EntityFrameworkCore.Tests", "MiCake.EntityFrameworkCore.Tests\MiCake.EntityFrameworkCore.Tests.csproj", "{29944367-170C-446E-856D-4373726871EA}"
EndProject
Global
	GlobalSection(SolutionConfigurationPlatforms) = preSolution
		Debug|Any CPU = Debug|Any CPU
		Release|Any CPU = Release|Any CPU
	EndGlobalSection
	GlobalSection(ProjectConfigurationPlatforms) = postSolution
		{CD13C57E-0896-49DE-BC5B-93F7B8AEE65C}.Debug|Any CPU.ActiveCfg = Debug|Any CPU
		{CD13C57E-0896-49DE-BC5B-93F7B8AEE65C}.Debug|Any CPU.Build.0 = Debug|Any CPU
		{CD13C57E-0896-49DE-BC5B-93F7B8AEE65C}.Release|Any CPU.ActiveCfg = Release|Any CPU
		{CD13C57E-0896-49DE-BC5B-93F7B8AEE65C}.Release|Any CPU.Build.0 = Release|Any CPU
		{33056BD5-9D31-44B6-947D-540B33F89104}.Debug|Any CPU.ActiveCfg = Debug|Any CPU
		{33056BD5-9D31-44B6-947D-540B33F89104}.Debug|Any CPU.Build.0 = Debug|Any CPU
		{33056BD5-9D31-44B6-947D-540B33F89104}.Release|Any CPU.ActiveCfg = Release|Any CPU
		{33056BD5-9D31-44B6-947D-540B33F89104}.Release|Any CPU.Build.0 = Release|Any CPU
		{237D30D7-EA80-498B-95C6-777B2646AE9F}.Debug|Any CPU.ActiveCfg = Debug|Any CPU
		{237D30D7-EA80-498B-95C6-777B2646AE9F}.Debug|Any CPU.Build.0 = Debug|Any CPU
		{237D30D7-EA80-498B-95C6-777B2646AE9F}.Release|Any CPU.ActiveCfg = Release|Any CPU
		{237D30D7-EA80-498B-95C6-777B2646AE9F}.Release|Any CPU.Build.0 = Release|Any CPU
		{8277E256-4C72-434E-B38C-EC380941339F}.Debug|Any CPU.ActiveCfg = Debug|Any CPU
		{8277E256-4C72-434E-B38C-EC380941339F}.Debug|Any CPU.Build.0 = Debug|Any CPU
		{8277E256-4C72-434E-B38C-EC380941339F}.Release|Any CPU.ActiveCfg = Release|Any CPU
		{8277E256-4C72-434E-B38C-EC380941339F}.Release|Any CPU.Build.0 = Release|Any CPU
		{3A971FFD-1137-43E9-9D37-4720363BD034}.Debug|Any CPU.ActiveCfg = Debug|Any CPU
		{3A971FFD-1137-43E9-9D37-4720363BD034}.Debug|Any CPU.Build.0 = Debug|Any CPU
		{3A971FFD-1137-43E9-9D37-4720363BD034}.Release|Any CPU.ActiveCfg = Release|Any CPU
		{3A971FFD-1137-43E9-9D37-4720363BD034}.Release|Any CPU.Build.0 = Release|Any CPU
		{04F41B08-CF0E-488E-90D4-90FADA23272D}.Debug|Any CPU.ActiveCfg = Debug|Any CPU
		{04F41B08-CF0E-488E-90D4-90FADA23272D}.Debug|Any CPU.Build.0 = Debug|Any CPU
		{04F41B08-CF0E-488E-90D4-90FADA23272D}.Release|Any CPU.ActiveCfg = Release|Any CPU
		{04F41B08-CF0E-488E-90D4-90FADA23272D}.Release|Any CPU.Build.0 = Release|Any CPU
		{8F962981-02CC-4CC1-898B-EE988B157162}.Debug|Any CPU.ActiveCfg = Debug|Any CPU
		{8F962981-02CC-4CC1-898B-EE988B157162}.Debug|Any CPU.Build.0 = Debug|Any CPU
		{8F962981-02CC-4CC1-898B-EE988B157162}.Release|Any CPU.ActiveCfg = Release|Any CPU
		{8F962981-02CC-4CC1-898B-EE988B157162}.Release|Any CPU.Build.0 = Release|Any CPU
		{CA700B3C-94E0-485D-B58D-79019DEF5318}.Debug|Any CPU.ActiveCfg = Debug|Any CPU
		{CA700B3C-94E0-485D-B58D-79019DEF5318}.Debug|Any CPU.Build.0 = Debug|Any CPU
		{CA700B3C-94E0-485D-B58D-79019DEF5318}.Release|Any CPU.ActiveCfg = Release|Any CPU
		{CA700B3C-94E0-485D-B58D-79019DEF5318}.Release|Any CPU.Build.0 = Release|Any CPU
		{E31200E9-DDAC-4E44-A5AB-21D8C31F420B}.Debug|Any CPU.ActiveCfg = Debug|Any CPU
		{E31200E9-DDAC-4E44-A5AB-21D8C31F420B}.Debug|Any CPU.Build.0 = Debug|Any CPU
		{E31200E9-DDAC-4E44-A5AB-21D8C31F420B}.Release|Any CPU.ActiveCfg = Release|Any CPU
		{E31200E9-DDAC-4E44-A5AB-21D8C31F420B}.Release|Any CPU.Build.0 = Release|Any CPU
		{EA319D0F-58CE-4498-BE35-5218EDAC1F38}.Debug|Any CPU.ActiveCfg = Debug|Any CPU
		{EA319D0F-58CE-4498-BE35-5218EDAC1F38}.Debug|Any CPU.Build.0 = Debug|Any CPU
		{EA319D0F-58CE-4498-BE35-5218EDAC1F38}.Release|Any CPU.ActiveCfg = Release|Any CPU
		{EA319D0F-58CE-4498-BE35-5218EDAC1F38}.Release|Any CPU.Build.0 = Release|Any CPU
		{DD6092D2-EFFD-4745-B3C6-C7EBD8EE16CC}.Debug|Any CPU.ActiveCfg = Debug|Any CPU
		{DD6092D2-EFFD-4745-B3C6-C7EBD8EE16CC}.Debug|Any CPU.Build.0 = Debug|Any CPU
		{DD6092D2-EFFD-4745-B3C6-C7EBD8EE16CC}.Release|Any CPU.ActiveCfg = Release|Any CPU
		{DD6092D2-EFFD-4745-B3C6-C7EBD8EE16CC}.Release|Any CPU.Build.0 = Release|Any CPU
		{736D15D4-8731-4C5C-9C24-FD65868AC025}.Debug|Any CPU.ActiveCfg = Debug|Any CPU
		{736D15D4-8731-4C5C-9C24-FD65868AC025}.Debug|Any CPU.Build.0 = Debug|Any CPU
		{736D15D4-8731-4C5C-9C24-FD65868AC025}.Release|Any CPU.ActiveCfg = Release|Any CPU
		{736D15D4-8731-4C5C-9C24-FD65868AC025}.Release|Any CPU.Build.0 = Release|Any CPU
		{CFB74A96-DC93-4714-A3EF-ADFAD670DDCB}.Debug|Any CPU.ActiveCfg = Debug|Any CPU
		{CFB74A96-DC93-4714-A3EF-ADFAD670DDCB}.Debug|Any CPU.Build.0 = Debug|Any CPU
		{CFB74A96-DC93-4714-A3EF-ADFAD670DDCB}.Release|Any CPU.ActiveCfg = Release|Any CPU
		{CFB74A96-DC93-4714-A3EF-ADFAD670DDCB}.Release|Any CPU.Build.0 = Release|Any CPU
		{ABBB6A93-2015-4EEC-B324-6B779CC3CC38}.Debug|Any CPU.ActiveCfg = Debug|Any CPU
		{ABBB6A93-2015-4EEC-B324-6B779CC3CC38}.Debug|Any CPU.Build.0 = Debug|Any CPU
		{ABBB6A93-2015-4EEC-B324-6B779CC3CC38}.Release|Any CPU.ActiveCfg = Release|Any CPU
		{ABBB6A93-2015-4EEC-B324-6B779CC3CC38}.Release|Any CPU.Build.0 = Release|Any CPU
		{29944367-170C-446E-856D-4373726871EA}.Debug|Any CPU.ActiveCfg = Debug|Any CPU
		{29944367-170C-446E-856D-4373726871EA}.Debug|Any CPU.Build.0 = Debug|Any CPU
		{29944367-170C-446E-856D-4373726871EA}.Release|Any CPU.ActiveCfg = Release|Any CPU
		{29944367-170C-446E-856D-4373726871EA}.Release|Any CPU.Build.0 = Release|Any CPU
	EndGlobalSection
	GlobalSection(SolutionProperties) = preSolution
		HideSolutionNode = FALSE
	EndGlobalSection
	GlobalSection(NestedProjects) = preSolution
		{8277E256-4C72-434E-B38C-EC380941339F} = {DD51C453-21A0-4639-9163-4EBF895F4546}
		{3A971FFD-1137-43E9-9D37-4720363BD034} = {9B48FE3E-C162-42F1-BB22-043C286AE7B0}
		{04F41B08-CF0E-488E-90D4-90FADA23272D} = {9B48FE3E-C162-42F1-BB22-043C286AE7B0}
		{CA700B3C-94E0-485D-B58D-79019DEF5318} = {8436B979-6C9B-4CF7-B020-548E84408B77}
		{E31200E9-DDAC-4E44-A5AB-21D8C31F420B} = {DD51C453-21A0-4639-9163-4EBF895F4546}
		{CFB74A96-DC93-4714-A3EF-ADFAD670DDCB} = {DD51C453-21A0-4639-9163-4EBF895F4546}
		{29944367-170C-446E-856D-4373726871EA} = {DD51C453-21A0-4639-9163-4EBF895F4546}
	EndGlobalSection
	GlobalSection(ExtensibilityGlobals) = postSolution
		SolutionGuid = {C31E5600-E4DC-4009-A5F6-E5250C8085F4}
	EndGlobalSection
EndGlobal
