
Microsoft Visual Studio Solution File, Format Version 12.00
# Visual Studio Version 17
VisualStudioVersion = 17.0.31912.275
MinimumVisualStudioVersion = 10.0.40219.1
Project("{2150E333-8FDC-42A3-9474-1A3956D46DE8}") = "framework", "framework", "{DD51C453-21A0-4639-9163-4EBF895F4546}"
EndProject
Project("{2150E333-8FDC-42A3-9474-1A3956D46DE8}") = "tests", "tests", "{8E61693E-3165-470C-99F4-E0A9BAB8BCC3}"
	ProjectSection(SolutionItems) = preProject
		src\tests\Directory.Build.props = src\tests\Directory.Build.props
	EndProjectSection
EndProject
Project("{9A19103F-16F7-4668-BE54-9A1E7A4F7556}") = "MiCake.Audit.Tests", "src\tests\MiCake.Audit.Tests\MiCake.Audit.Tests.csproj", "{1F1478FA-F725-44A2-882F-A6F6657EC90F}"
EndProject
Project("{9A19103F-16F7-4668-BE54-9A1E7A4F7556}") = "MiCake.Core.Tests", "src\tests\MiCake.Core.Tests\MiCake.Core.Tests.csproj", "{8935A16D-F3FE-4B21-AC7D-2546C561F8A3}"
EndProject
Project("{9A19103F-16F7-4668-BE54-9A1E7A4F7556}") = "MiCake.Cord.Tests", "src\tests\MiCake.DDD.Tests\MiCake.Cord.Tests.csproj", "{E3B6CE90-BB8A-4E5D-A5AE-223F681204DF}"
EndProject
Project("{9A19103F-16F7-4668-BE54-9A1E7A4F7556}") = "MiCake.EntityFrameworkCore.Tests", "src\tests\MiCake.EntityFrameworkCore.Tests\MiCake.EntityFrameworkCore.Tests.csproj", "{82FE8335-6674-48FB-859D-27309E706DDD}"
EndProject
Project("{9A19103F-16F7-4668-BE54-9A1E7A4F7556}") = "MiCake.Uow.Tests", "src\tests\MiCake.Uow.Test\MiCake.Uow.Tests.csproj", "{8C571B7C-68A5-42F4-890E-6D3B9978367B}"
EndProject
Project("{2150E333-8FDC-42A3-9474-1A3956D46DE8}") = "Solution Items", "Solution Items", "{6C2561F5-8BCF-41B9-9923-533B51711753}"
	ProjectSection(SolutionItems) = preProject
		.editorconfig = .editorconfig
		Directory.Build.props = Directory.Build.props
		src\tests\runsettings.xml = src\tests\runsettings.xml
	EndProjectSection
EndProject
Project("{9A19103F-16F7-4668-BE54-9A1E7A4F7556}") = "MiCake.AspNetCore.Tests", "src\tests\MiCake.AspNetCore.Tests\MiCake.AspNetCore.Tests.csproj", "{E69EEA7A-593F-4428-A2B2-DD550DDD0D47}"
EndProject
Project("{9A19103F-16F7-4668-BE54-9A1E7A4F7556}") = "MiCake.Identity.Tests", "src\tests\MiCake.Identity.Tests\MiCake.Identity.Tests.csproj", "{4C1D0F3A-FE60-4405-B422-C65CC4E0B965}"
EndProject
Project("{2150E333-8FDC-42A3-9474-1A3956D46DE8}") = "core", "core", "{6EC5B8D1-5D5D-476C-9C91-1FB2AC8EAF43}"
EndProject
Project("{9A19103F-16F7-4668-BE54-9A1E7A4F7556}") = "MiCake.AspNetCore", "src\framework\core\MiCake.AspNetCore\MiCake.AspNetCore.csproj", "{AA0B01DD-4354-4E8F-B179-1BA9D7ECF659}"
EndProject
Project("{9A19103F-16F7-4668-BE54-9A1E7A4F7556}") = "MiCake.Audit", "src\framework\core\MiCake.Audit\MiCake.Audit.csproj", "{1C50A1EA-A95A-4E92-A261-59326571B6DA}"
EndProject
Project("{9A19103F-16F7-4668-BE54-9A1E7A4F7556}") = "MiCake.Core", "src\framework\core\MiCake.Core\MiCake.Core.csproj", "{4D212CF8-782A-47CE-982D-7B6A5690B5C0}"
EndProject
Project("{9A19103F-16F7-4668-BE54-9A1E7A4F7556}") = "MiCake.DDD.Domain", "src\framework\core\MiCake.DDD.Domain\MiCake.DDD.Domain.csproj", "{630734D8-DAC7-4F82-9C31-DCE8D17139B2}"
EndProject
Project("{9A19103F-16F7-4668-BE54-9A1E7A4F7556}") = "MiCake.EntityFrameworkCore", "src\framework\core\MiCake.EntityFrameworkCore\MiCake.EntityFrameworkCore.csproj", "{04327FAC-D0AF-4096-974C-8C0006A105B1}"
EndProject
Project("{9A19103F-16F7-4668-BE54-9A1E7A4F7556}") = "MiCake.Identity", "src\framework\core\MiCake.Identity\MiCake.Identity.csproj", "{BE40AE70-5038-45FF-9AC1-59A918E11FBF}"
EndProject
Project("{9A19103F-16F7-4668-BE54-9A1E7A4F7556}") = "MiCake.Uow", "src\framework\core\MiCake.Uow\MiCake.Uow.csproj", "{02AF0F12-12E7-49EE-AE36-BB0D48015A4C}"
EndProject
Project("{9A19103F-16F7-4668-BE54-9A1E7A4F7556}") = "MiCake.Cord", "src\framework\core\MiCake.Cord\MiCake.Cord.csproj", "{DA3DD826-D594-44FE-9CC0-8E5160580654}"
EndProject
Global
	GlobalSection(SolutionConfigurationPlatforms) = preSolution
		Debug|Any CPU = Debug|Any CPU
		Release|Any CPU = Release|Any CPU
	EndGlobalSection
	GlobalSection(ProjectConfigurationPlatforms) = postSolution
		{1F1478FA-F725-44A2-882F-A6F6657EC90F}.Debug|Any CPU.ActiveCfg = Debug|Any CPU
		{1F1478FA-F725-44A2-882F-A6F6657EC90F}.Debug|Any CPU.Build.0 = Debug|Any CPU
		{1F1478FA-F725-44A2-882F-A6F6657EC90F}.Release|Any CPU.ActiveCfg = Release|Any CPU
		{1F1478FA-F725-44A2-882F-A6F6657EC90F}.Release|Any CPU.Build.0 = Release|Any CPU
		{8935A16D-F3FE-4B21-AC7D-2546C561F8A3}.Debug|Any CPU.ActiveCfg = Debug|Any CPU
		{8935A16D-F3FE-4B21-AC7D-2546C561F8A3}.Debug|Any CPU.Build.0 = Debug|Any CPU
		{8935A16D-F3FE-4B21-AC7D-2546C561F8A3}.Release|Any CPU.ActiveCfg = Release|Any CPU
		{8935A16D-F3FE-4B21-AC7D-2546C561F8A3}.Release|Any CPU.Build.0 = Release|Any CPU
		{E3B6CE90-BB8A-4E5D-A5AE-223F681204DF}.Debug|Any CPU.ActiveCfg = Debug|Any CPU
		{E3B6CE90-BB8A-4E5D-A5AE-223F681204DF}.Debug|Any CPU.Build.0 = Debug|Any CPU
		{E3B6CE90-BB8A-4E5D-A5AE-223F681204DF}.Release|Any CPU.ActiveCfg = Release|Any CPU
		{E3B6CE90-BB8A-4E5D-A5AE-223F681204DF}.Release|Any CPU.Build.0 = Release|Any CPU
		{82FE8335-6674-48FB-859D-27309E706DDD}.Debug|Any CPU.ActiveCfg = Debug|Any CPU
		{82FE8335-6674-48FB-859D-27309E706DDD}.Debug|Any CPU.Build.0 = Debug|Any CPU
		{82FE8335-6674-48FB-859D-27309E706DDD}.Release|Any CPU.ActiveCfg = Release|Any CPU
		{82FE8335-6674-48FB-859D-27309E706DDD}.Release|Any CPU.Build.0 = Release|Any CPU
		{8C571B7C-68A5-42F4-890E-6D3B9978367B}.Debug|Any CPU.ActiveCfg = Debug|Any CPU
		{8C571B7C-68A5-42F4-890E-6D3B9978367B}.Debug|Any CPU.Build.0 = Debug|Any CPU
		{8C571B7C-68A5-42F4-890E-6D3B9978367B}.Release|Any CPU.ActiveCfg = Release|Any CPU
		{8C571B7C-68A5-42F4-890E-6D3B9978367B}.Release|Any CPU.Build.0 = Release|Any CPU
		{E69EEA7A-593F-4428-A2B2-DD550DDD0D47}.Debug|Any CPU.ActiveCfg = Debug|Any CPU
		{E69EEA7A-593F-4428-A2B2-DD550DDD0D47}.Debug|Any CPU.Build.0 = Debug|Any CPU
		{E69EEA7A-593F-4428-A2B2-DD550DDD0D47}.Release|Any CPU.ActiveCfg = Release|Any CPU
		{E69EEA7A-593F-4428-A2B2-DD550DDD0D47}.Release|Any CPU.Build.0 = Release|Any CPU
		{4C1D0F3A-FE60-4405-B422-C65CC4E0B965}.Debug|Any CPU.ActiveCfg = Debug|Any CPU
		{4C1D0F3A-FE60-4405-B422-C65CC4E0B965}.Debug|Any CPU.Build.0 = Debug|Any CPU
		{4C1D0F3A-FE60-4405-B422-C65CC4E0B965}.Release|Any CPU.ActiveCfg = Release|Any CPU
		{4C1D0F3A-FE60-4405-B422-C65CC4E0B965}.Release|Any CPU.Build.0 = Release|Any CPU
		{AA0B01DD-4354-4E8F-B179-1BA9D7ECF659}.Debug|Any CPU.ActiveCfg = Debug|Any CPU
		{AA0B01DD-4354-4E8F-B179-1BA9D7ECF659}.Debug|Any CPU.Build.0 = Debug|Any CPU
		{AA0B01DD-4354-4E8F-B179-1BA9D7ECF659}.Release|Any CPU.ActiveCfg = Release|Any CPU
		{AA0B01DD-4354-4E8F-B179-1BA9D7ECF659}.Release|Any CPU.Build.0 = Release|Any CPU
		{1C50A1EA-A95A-4E92-A261-59326571B6DA}.Debug|Any CPU.ActiveCfg = Debug|Any CPU
		{1C50A1EA-A95A-4E92-A261-59326571B6DA}.Debug|Any CPU.Build.0 = Debug|Any CPU
		{1C50A1EA-A95A-4E92-A261-59326571B6DA}.Release|Any CPU.ActiveCfg = Release|Any CPU
		{1C50A1EA-A95A-4E92-A261-59326571B6DA}.Release|Any CPU.Build.0 = Release|Any CPU
		{4D212CF8-782A-47CE-982D-7B6A5690B5C0}.Debug|Any CPU.ActiveCfg = Debug|Any CPU
		{4D212CF8-782A-47CE-982D-7B6A5690B5C0}.Debug|Any CPU.Build.0 = Debug|Any CPU
		{4D212CF8-782A-47CE-982D-7B6A5690B5C0}.Release|Any CPU.ActiveCfg = Release|Any CPU
		{4D212CF8-782A-47CE-982D-7B6A5690B5C0}.Release|Any CPU.Build.0 = Release|Any CPU
		{630734D8-DAC7-4F82-9C31-DCE8D17139B2}.Debug|Any CPU.ActiveCfg = Debug|Any CPU
		{630734D8-DAC7-4F82-9C31-DCE8D17139B2}.Debug|Any CPU.Build.0 = Debug|Any CPU
		{630734D8-DAC7-4F82-9C31-DCE8D17139B2}.Release|Any CPU.ActiveCfg = Release|Any CPU
		{630734D8-DAC7-4F82-9C31-DCE8D17139B2}.Release|Any CPU.Build.0 = Release|Any CPU
		{04327FAC-D0AF-4096-974C-8C0006A105B1}.Debug|Any CPU.ActiveCfg = Debug|Any CPU
		{04327FAC-D0AF-4096-974C-8C0006A105B1}.Debug|Any CPU.Build.0 = Debug|Any CPU
		{04327FAC-D0AF-4096-974C-8C0006A105B1}.Release|Any CPU.ActiveCfg = Release|Any CPU
		{04327FAC-D0AF-4096-974C-8C0006A105B1}.Release|Any CPU.Build.0 = Release|Any CPU
		{BE40AE70-5038-45FF-9AC1-59A918E11FBF}.Debug|Any CPU.ActiveCfg = Debug|Any CPU
		{BE40AE70-5038-45FF-9AC1-59A918E11FBF}.Debug|Any CPU.Build.0 = Debug|Any CPU
		{BE40AE70-5038-45FF-9AC1-59A918E11FBF}.Release|Any CPU.ActiveCfg = Release|Any CPU
		{BE40AE70-5038-45FF-9AC1-59A918E11FBF}.Release|Any CPU.Build.0 = Release|Any CPU
		{02AF0F12-12E7-49EE-AE36-BB0D48015A4C}.Debug|Any CPU.ActiveCfg = Debug|Any CPU
		{02AF0F12-12E7-49EE-AE36-BB0D48015A4C}.Debug|Any CPU.Build.0 = Debug|Any CPU
		{02AF0F12-12E7-49EE-AE36-BB0D48015A4C}.Release|Any CPU.ActiveCfg = Release|Any CPU
		{02AF0F12-12E7-49EE-AE36-BB0D48015A4C}.Release|Any CPU.Build.0 = Release|Any CPU
		{DA3DD826-D594-44FE-9CC0-8E5160580654}.Debug|Any CPU.ActiveCfg = Debug|Any CPU
		{DA3DD826-D594-44FE-9CC0-8E5160580654}.Debug|Any CPU.Build.0 = Debug|Any CPU
		{DA3DD826-D594-44FE-9CC0-8E5160580654}.Release|Any CPU.ActiveCfg = Release|Any CPU
		{DA3DD826-D594-44FE-9CC0-8E5160580654}.Release|Any CPU.Build.0 = Release|Any CPU
	EndGlobalSection
	GlobalSection(SolutionProperties) = preSolution
		HideSolutionNode = FALSE
	EndGlobalSection
	GlobalSection(NestedProjects) = preSolution
		{1F1478FA-F725-44A2-882F-A6F6657EC90F} = {8E61693E-3165-470C-99F4-E0A9BAB8BCC3}
		{8935A16D-F3FE-4B21-AC7D-2546C561F8A3} = {8E61693E-3165-470C-99F4-E0A9BAB8BCC3}
		{E3B6CE90-BB8A-4E5D-A5AE-223F681204DF} = {8E61693E-3165-470C-99F4-E0A9BAB8BCC3}
		{82FE8335-6674-48FB-859D-27309E706DDD} = {8E61693E-3165-470C-99F4-E0A9BAB8BCC3}
		{8C571B7C-68A5-42F4-890E-6D3B9978367B} = {8E61693E-3165-470C-99F4-E0A9BAB8BCC3}
		{E69EEA7A-593F-4428-A2B2-DD550DDD0D47} = {8E61693E-3165-470C-99F4-E0A9BAB8BCC3}
		{4C1D0F3A-FE60-4405-B422-C65CC4E0B965} = {8E61693E-3165-470C-99F4-E0A9BAB8BCC3}
		{6EC5B8D1-5D5D-476C-9C91-1FB2AC8EAF43} = {DD51C453-21A0-4639-9163-4EBF895F4546}
		{AA0B01DD-4354-4E8F-B179-1BA9D7ECF659} = {6EC5B8D1-5D5D-476C-9C91-1FB2AC8EAF43}
		{1C50A1EA-A95A-4E92-A261-59326571B6DA} = {6EC5B8D1-5D5D-476C-9C91-1FB2AC8EAF43}
		{4D212CF8-782A-47CE-982D-7B6A5690B5C0} = {6EC5B8D1-5D5D-476C-9C91-1FB2AC8EAF43}
		{630734D8-DAC7-4F82-9C31-DCE8D17139B2} = {6EC5B8D1-5D5D-476C-9C91-1FB2AC8EAF43}
		{04327FAC-D0AF-4096-974C-8C0006A105B1} = {6EC5B8D1-5D5D-476C-9C91-1FB2AC8EAF43}
		{BE40AE70-5038-45FF-9AC1-59A918E11FBF} = {6EC5B8D1-5D5D-476C-9C91-1FB2AC8EAF43}
		{02AF0F12-12E7-49EE-AE36-BB0D48015A4C} = {6EC5B8D1-5D5D-476C-9C91-1FB2AC8EAF43}
		{DA3DD826-D594-44FE-9CC0-8E5160580654} = {6EC5B8D1-5D5D-476C-9C91-1FB2AC8EAF43}
	EndGlobalSection
	GlobalSection(ExtensibilityGlobals) = postSolution
		SolutionGuid = {C31E5600-E4DC-4009-A5F6-E5250C8085F4}
	EndGlobalSection
EndGlobal
