
Microsoft Visual Studio Solution File, Format Version 12.00
# Visual Studio Version 16
VisualStudioVersion = 16.0.29411.108
MinimumVisualStudioVersion = 10.0.40219.1
Project("{2150E333-8FDC-42A3-9474-1A3956D46DE8}") = "framework", "framework", "{DD51C453-21A0-4639-9163-4EBF895F4546}"
EndProject
Project("{2150E333-8FDC-42A3-9474-1A3956D46DE8}") = "samples", "samples", "{8436B979-6C9B-4CF7-B020-548E84408B77}"
EndProject
Project("{2150E333-8FDC-42A3-9474-1A3956D46DE8}") = "tests", "tests", "{8E61693E-3165-470C-99F4-E0A9BAB8BCC3}"
EndProject
Project("{9A19103F-16F7-4668-BE54-9A1E7A4F7556}") = "MiCake.Aop", "src\framework\MiCake.Aop\MiCake.Aop.csproj", "{056C05D7-E7D2-4353-A8F0-68FA5B93947F}"
EndProject
Project("{9A19103F-16F7-4668-BE54-9A1E7A4F7556}") = "MiCake.AspNetCore", "src\framework\MiCake.AspNetCore\MiCake.AspNetCore.csproj", "{F26D2AA0-EB60-48DD-8B98-39B3BB84B382}"
EndProject
Project("{9A19103F-16F7-4668-BE54-9A1E7A4F7556}") = "MiCake.Audit", "src\framework\MiCake.Audit\MiCake.Audit.csproj", "{9CBB4EFE-513F-4874-990F-2B7DFD8C9316}"
EndProject
Project("{9A19103F-16F7-4668-BE54-9A1E7A4F7556}") = "MiCake.Core", "src\framework\MiCake.Core\MiCake.Core.csproj", "{32D41EE9-FB85-49B1-849B-7A0FC530DD96}"
EndProject
Project("{9A19103F-16F7-4668-BE54-9A1E7A4F7556}") = "MiCake.Core.Abstractions", "src\framework\MiCake.Core.Abstractions\MiCake.Core.Abstractions.csproj", "{ABBF7789-F13C-42FA-AA58-6CA6D086F452}"
EndProject
Project("{9A19103F-16F7-4668-BE54-9A1E7A4F7556}") = "MiCake.Core.Util", "src\framework\MiCake.Core.Util\MiCake.Core.Util.csproj", "{F8D92C76-FA15-4B8A-ADEB-ACAED1426A48}"
EndProject
Project("{9A19103F-16F7-4668-BE54-9A1E7A4F7556}") = "MiCake.DDD.Application", "src\framework\MiCake.DDD.Application\MiCake.DDD.Application.csproj", "{B3FDFD02-556D-47B6-BA8B-1FECFCF74785}"
EndProject
Project("{9A19103F-16F7-4668-BE54-9A1E7A4F7556}") = "MiCake.DDD.Domain", "src\framework\MiCake.DDD.Domain\MiCake.DDD.Domain.csproj", "{F05F3A8F-348A-4346-B660-A62E77D33FFC}"
EndProject
Project("{9A19103F-16F7-4668-BE54-9A1E7A4F7556}") = "MiCake.DDD.Extensions", "src\framework\MiCake.DDD.Extensions\MiCake.DDD.Extensions.csproj", "{C58D70C1-0662-4CF1-8EDF-515DC96F0090}"
EndProject
Project("{9A19103F-16F7-4668-BE54-9A1E7A4F7556}") = "MiCake.EntityFrameworkCore", "src\framework\MiCake.EntityFrameCore\MiCake.EntityFrameworkCore.csproj", "{11452DCE-F722-4A46-84DC-72075BDF32C6}"
EndProject
Project("{9A19103F-16F7-4668-BE54-9A1E7A4F7556}") = "MiCake.Identity", "src\framework\MiCake.Identity\MiCake.Identity.csproj", "{138E74D7-625B-4082-BFB3-360232297955}"
EndProject
Project("{9A19103F-16F7-4668-BE54-9A1E7A4F7556}") = "MiCake.Uow", "src\framework\MiCake.Uow\MiCake.Uow.csproj", "{4CD418ED-7697-4208-A28F-3CC06A9E4DF6}"
EndProject
Project("{9A19103F-16F7-4668-BE54-9A1E7A4F7556}") = "BaseMiCakeApplication", "samples\BaseMiCakeApplication\BaseMiCakeApplication.csproj", "{D42E309E-3D4B-411C-A469-73641116D010}"
EndProject
Project("{9A19103F-16F7-4668-BE54-9A1E7A4F7556}") = "MiCake.Audit.Tests", "src\tests\MiCake.Audit.Tests\MiCake.Audit.Tests.csproj", "{1F1478FA-F725-44A2-882F-A6F6657EC90F}"
EndProject
Project("{9A19103F-16F7-4668-BE54-9A1E7A4F7556}") = "MiCake.Core.Tests", "src\tests\MiCake.Core.Tests\MiCake.Core.Tests.csproj", "{8935A16D-F3FE-4B21-AC7D-2546C561F8A3}"
EndProject
Project("{9A19103F-16F7-4668-BE54-9A1E7A4F7556}") = "MiCake.DDD.Tests", "src\tests\MiCake.DDD.Tests\MiCake.DDD.Tests.csproj", "{E3B6CE90-BB8A-4E5D-A5AE-223F681204DF}"
EndProject
Project("{9A19103F-16F7-4668-BE54-9A1E7A4F7556}") = "MiCake.EntityFrameworkCore.Tests", "src\tests\MiCake.EntityFrameworkCore.Tests\MiCake.EntityFrameworkCore.Tests.csproj", "{82FE8335-6674-48FB-859D-27309E706DDD}"
EndProject
Project("{9A19103F-16F7-4668-BE54-9A1E7A4F7556}") = "MiCake.Uow.Test", "src\tests\MiCake.Uow.Test\MiCake.Uow.Test.csproj", "{8C571B7C-68A5-42F4-890E-6D3B9978367B}"
EndProject
Project("{9A19103F-16F7-4668-BE54-9A1E7A4F7556}") = "MiCake.Core.Util.Tests", "src\tests\MiCake.Core.Util.Tests\MiCake.Core.Util.Tests.csproj", "{F20669C0-7C4E-4B9C-A993-5C696E97E617}"
EndProject
Project("{2150E333-8FDC-42A3-9474-1A3956D46DE8}") = "Solution Items", "Solution Items", "{6C2561F5-8BCF-41B9-9923-533B51711753}"
	ProjectSection(SolutionItems) = preProject
		.editorconfig = .editorconfig
		azure-pipelines.yml = azure-pipelines.yml
		Directory.Build.props = Directory.Build.props
	EndProjectSection
EndProject
Project("{9A19103F-16F7-4668-BE54-9A1E7A4F7556}") = "MiCake.AspNetCore.Tests", "src\tests\MiCake.AspNetCore.Tests\MiCake.AspNetCore.Tests.csproj", "{E69EEA7A-593F-4428-A2B2-DD550DDD0D47}"
EndProject
Project("{9A19103F-16F7-4668-BE54-9A1E7A4F7556}") = "MiCake.AspNetCore.Start", "src\framework\MiCake.AspNetCore.Start\MiCake.AspNetCore.Start.csproj", "{A75BC15D-9940-49DB-BAD3-C5A5CB298298}"
EndProject
Project("{9A19103F-16F7-4668-BE54-9A1E7A4F7556}") = "MiCake.Identity.Tests", "src\tests\MiCake.Identity.Tests\MiCake.Identity.Tests.csproj", "{4C1D0F3A-FE60-4405-B422-C65CC4E0B965}"
EndProject
Project("{9A19103F-16F7-4668-BE54-9A1E7A4F7556}") = "MiCake.AutoMapper", "src\framework\MiCake.AutoMapper\MiCake.AutoMapper.csproj", "{F033DC91-DCD8-40E4-A6EE-28C7BB69B5CE}"
EndProject
Project("{9A19103F-16F7-4668-BE54-9A1E7A4F7556}") = "MiCake.Bus", "src\framework\MiCake.Bus\MiCake.Bus.csproj", "{EB5A16B0-37FC-43F8-83D7-93DF34C3F9B2}"
EndProject
Global
	GlobalSection(SolutionConfigurationPlatforms) = preSolution
		Debug|Any CPU = Debug|Any CPU
		Release|Any CPU = Release|Any CPU
	EndGlobalSection
	GlobalSection(ProjectConfigurationPlatforms) = postSolution
		{056C05D7-E7D2-4353-A8F0-68FA5B93947F}.Debug|Any CPU.ActiveCfg = Debug|Any CPU
		{056C05D7-E7D2-4353-A8F0-68FA5B93947F}.Debug|Any CPU.Build.0 = Debug|Any CPU
		{056C05D7-E7D2-4353-A8F0-68FA5B93947F}.Release|Any CPU.ActiveCfg = Release|Any CPU
		{056C05D7-E7D2-4353-A8F0-68FA5B93947F}.Release|Any CPU.Build.0 = Release|Any CPU
		{F26D2AA0-EB60-48DD-8B98-39B3BB84B382}.Debug|Any CPU.ActiveCfg = Debug|Any CPU
		{F26D2AA0-EB60-48DD-8B98-39B3BB84B382}.Debug|Any CPU.Build.0 = Debug|Any CPU
		{F26D2AA0-EB60-48DD-8B98-39B3BB84B382}.Release|Any CPU.ActiveCfg = Release|Any CPU
		{F26D2AA0-EB60-48DD-8B98-39B3BB84B382}.Release|Any CPU.Build.0 = Release|Any CPU
		{9CBB4EFE-513F-4874-990F-2B7DFD8C9316}.Debug|Any CPU.ActiveCfg = Debug|Any CPU
		{9CBB4EFE-513F-4874-990F-2B7DFD8C9316}.Debug|Any CPU.Build.0 = Debug|Any CPU
		{9CBB4EFE-513F-4874-990F-2B7DFD8C9316}.Release|Any CPU.ActiveCfg = Release|Any CPU
		{9CBB4EFE-513F-4874-990F-2B7DFD8C9316}.Release|Any CPU.Build.0 = Release|Any CPU
		{32D41EE9-FB85-49B1-849B-7A0FC530DD96}.Debug|Any CPU.ActiveCfg = Debug|Any CPU
		{32D41EE9-FB85-49B1-849B-7A0FC530DD96}.Debug|Any CPU.Build.0 = Debug|Any CPU
		{32D41EE9-FB85-49B1-849B-7A0FC530DD96}.Release|Any CPU.ActiveCfg = Release|Any CPU
		{32D41EE9-FB85-49B1-849B-7A0FC530DD96}.Release|Any CPU.Build.0 = Release|Any CPU
		{ABBF7789-F13C-42FA-AA58-6CA6D086F452}.Debug|Any CPU.ActiveCfg = Debug|Any CPU
		{ABBF7789-F13C-42FA-AA58-6CA6D086F452}.Debug|Any CPU.Build.0 = Debug|Any CPU
		{ABBF7789-F13C-42FA-AA58-6CA6D086F452}.Release|Any CPU.ActiveCfg = Release|Any CPU
		{ABBF7789-F13C-42FA-AA58-6CA6D086F452}.Release|Any CPU.Build.0 = Release|Any CPU
		{F8D92C76-FA15-4B8A-ADEB-ACAED1426A48}.Debug|Any CPU.ActiveCfg = Debug|Any CPU
		{F8D92C76-FA15-4B8A-ADEB-ACAED1426A48}.Debug|Any CPU.Build.0 = Debug|Any CPU
		{F8D92C76-FA15-4B8A-ADEB-ACAED1426A48}.Release|Any CPU.ActiveCfg = Release|Any CPU
		{F8D92C76-FA15-4B8A-ADEB-ACAED1426A48}.Release|Any CPU.Build.0 = Release|Any CPU
		{B3FDFD02-556D-47B6-BA8B-1FECFCF74785}.Debug|Any CPU.ActiveCfg = Debug|Any CPU
		{B3FDFD02-556D-47B6-BA8B-1FECFCF74785}.Debug|Any CPU.Build.0 = Debug|Any CPU
		{B3FDFD02-556D-47B6-BA8B-1FECFCF74785}.Release|Any CPU.ActiveCfg = Release|Any CPU
		{B3FDFD02-556D-47B6-BA8B-1FECFCF74785}.Release|Any CPU.Build.0 = Release|Any CPU
		{F05F3A8F-348A-4346-B660-A62E77D33FFC}.Debug|Any CPU.ActiveCfg = Debug|Any CPU
		{F05F3A8F-348A-4346-B660-A62E77D33FFC}.Debug|Any CPU.Build.0 = Debug|Any CPU
		{F05F3A8F-348A-4346-B660-A62E77D33FFC}.Release|Any CPU.ActiveCfg = Release|Any CPU
		{F05F3A8F-348A-4346-B660-A62E77D33FFC}.Release|Any CPU.Build.0 = Release|Any CPU
		{C58D70C1-0662-4CF1-8EDF-515DC96F0090}.Debug|Any CPU.ActiveCfg = Debug|Any CPU
		{C58D70C1-0662-4CF1-8EDF-515DC96F0090}.Debug|Any CPU.Build.0 = Debug|Any CPU
		{C58D70C1-0662-4CF1-8EDF-515DC96F0090}.Release|Any CPU.ActiveCfg = Release|Any CPU
		{C58D70C1-0662-4CF1-8EDF-515DC96F0090}.Release|Any CPU.Build.0 = Release|Any CPU
		{11452DCE-F722-4A46-84DC-72075BDF32C6}.Debug|Any CPU.ActiveCfg = Debug|Any CPU
		{11452DCE-F722-4A46-84DC-72075BDF32C6}.Debug|Any CPU.Build.0 = Debug|Any CPU
		{11452DCE-F722-4A46-84DC-72075BDF32C6}.Release|Any CPU.ActiveCfg = Release|Any CPU
		{11452DCE-F722-4A46-84DC-72075BDF32C6}.Release|Any CPU.Build.0 = Release|Any CPU
		{138E74D7-625B-4082-BFB3-360232297955}.Debug|Any CPU.ActiveCfg = Debug|Any CPU
		{138E74D7-625B-4082-BFB3-360232297955}.Debug|Any CPU.Build.0 = Debug|Any CPU
		{138E74D7-625B-4082-BFB3-360232297955}.Release|Any CPU.ActiveCfg = Release|Any CPU
		{138E74D7-625B-4082-BFB3-360232297955}.Release|Any CPU.Build.0 = Release|Any CPU
		{4CD418ED-7697-4208-A28F-3CC06A9E4DF6}.Debug|Any CPU.ActiveCfg = Debug|Any CPU
		{4CD418ED-7697-4208-A28F-3CC06A9E4DF6}.Debug|Any CPU.Build.0 = Debug|Any CPU
		{4CD418ED-7697-4208-A28F-3CC06A9E4DF6}.Release|Any CPU.ActiveCfg = Release|Any CPU
		{4CD418ED-7697-4208-A28F-3CC06A9E4DF6}.Release|Any CPU.Build.0 = Release|Any CPU
		{D42E309E-3D4B-411C-A469-73641116D010}.Debug|Any CPU.ActiveCfg = Debug|Any CPU
		{D42E309E-3D4B-411C-A469-73641116D010}.Debug|Any CPU.Build.0 = Debug|Any CPU
		{D42E309E-3D4B-411C-A469-73641116D010}.Release|Any CPU.ActiveCfg = Release|Any CPU
		{D42E309E-3D4B-411C-A469-73641116D010}.Release|Any CPU.Build.0 = Release|Any CPU
		{1F1478FA-F725-44A2-882F-A6F6657EC90F}.Debug|Any CPU.ActiveCfg = Debug|Any CPU
		{1F1478FA-F725-44A2-882F-A6F6657EC90F}.Debug|Any CPU.Build.0 = Debug|Any CPU
		{1F1478FA-F725-44A2-882F-A6F6657EC90F}.Release|Any CPU.ActiveCfg = Release|Any CPU
		{1F1478FA-F725-44A2-882F-A6F6657EC90F}.Release|Any CPU.Build.0 = Release|Any CPU
		{8935A16D-F3FE-4B21-AC7D-2546C561F8A3}.Debug|Any CPU.ActiveCfg = Debug|Any CPU
		{8935A16D-F3FE-4B21-AC7D-2546C561F8A3}.Debug|Any CPU.Build.0 = Debug|Any CPU
		{8935A16D-F3FE-4B21-AC7D-2546C561F8A3}.Release|Any CPU.ActiveCfg = Release|Any CPU
		{8935A16D-F3FE-4B21-AC7D-2546C561F8A3}.Release|Any CPU.Build.0 = Release|Any CPU
		{E3B6CE90-BB8A-4E5D-A5AE-223F681204DF}.Debug|Any CPU.ActiveCfg = Debug|Any CPU
		{E3B6CE90-BB8A-4E5D-A5AE-223F681204DF}.Debug|Any CPU.Build.0 = Debug|Any CPU
		{E3B6CE90-BB8A-4E5D-A5AE-223F681204DF}.Release|Any CPU.ActiveCfg = Release|Any CPU
		{E3B6CE90-BB8A-4E5D-A5AE-223F681204DF}.Release|Any CPU.Build.0 = Release|Any CPU
		{82FE8335-6674-48FB-859D-27309E706DDD}.Debug|Any CPU.ActiveCfg = Debug|Any CPU
		{82FE8335-6674-48FB-859D-27309E706DDD}.Debug|Any CPU.Build.0 = Debug|Any CPU
		{82FE8335-6674-48FB-859D-27309E706DDD}.Release|Any CPU.ActiveCfg = Release|Any CPU
		{82FE8335-6674-48FB-859D-27309E706DDD}.Release|Any CPU.Build.0 = Release|Any CPU
		{8C571B7C-68A5-42F4-890E-6D3B9978367B}.Debug|Any CPU.ActiveCfg = Debug|Any CPU
		{8C571B7C-68A5-42F4-890E-6D3B9978367B}.Debug|Any CPU.Build.0 = Debug|Any CPU
		{8C571B7C-68A5-42F4-890E-6D3B9978367B}.Release|Any CPU.ActiveCfg = Release|Any CPU
		{8C571B7C-68A5-42F4-890E-6D3B9978367B}.Release|Any CPU.Build.0 = Release|Any CPU
		{F20669C0-7C4E-4B9C-A993-5C696E97E617}.Debug|Any CPU.ActiveCfg = Debug|Any CPU
		{F20669C0-7C4E-4B9C-A993-5C696E97E617}.Debug|Any CPU.Build.0 = Debug|Any CPU
		{F20669C0-7C4E-4B9C-A993-5C696E97E617}.Release|Any CPU.ActiveCfg = Release|Any CPU
		{F20669C0-7C4E-4B9C-A993-5C696E97E617}.Release|Any CPU.Build.0 = Release|Any CPU
		{E69EEA7A-593F-4428-A2B2-DD550DDD0D47}.Debug|Any CPU.ActiveCfg = Debug|Any CPU
		{E69EEA7A-593F-4428-A2B2-DD550DDD0D47}.Debug|Any CPU.Build.0 = Debug|Any CPU
		{E69EEA7A-593F-4428-A2B2-DD550DDD0D47}.Release|Any CPU.ActiveCfg = Release|Any CPU
		{E69EEA7A-593F-4428-A2B2-DD550DDD0D47}.Release|Any CPU.Build.0 = Release|Any CPU
		{A75BC15D-9940-49DB-BAD3-C5A5CB298298}.Debug|Any CPU.ActiveCfg = Debug|Any CPU
		{A75BC15D-9940-49DB-BAD3-C5A5CB298298}.Debug|Any CPU.Build.0 = Debug|Any CPU
		{A75BC15D-9940-49DB-BAD3-C5A5CB298298}.Release|Any CPU.ActiveCfg = Release|Any CPU
		{A75BC15D-9940-49DB-BAD3-C5A5CB298298}.Release|Any CPU.Build.0 = Release|Any CPU
		{4C1D0F3A-FE60-4405-B422-C65CC4E0B965}.Debug|Any CPU.ActiveCfg = Debug|Any CPU
		{4C1D0F3A-FE60-4405-B422-C65CC4E0B965}.Debug|Any CPU.Build.0 = Debug|Any CPU
		{4C1D0F3A-FE60-4405-B422-C65CC4E0B965}.Release|Any CPU.ActiveCfg = Release|Any CPU
		{4C1D0F3A-FE60-4405-B422-C65CC4E0B965}.Release|Any CPU.Build.0 = Release|Any CPU
		{F033DC91-DCD8-40E4-A6EE-28C7BB69B5CE}.Debug|Any CPU.ActiveCfg = Debug|Any CPU
		{F033DC91-DCD8-40E4-A6EE-28C7BB69B5CE}.Debug|Any CPU.Build.0 = Debug|Any CPU
		{F033DC91-DCD8-40E4-A6EE-28C7BB69B5CE}.Release|Any CPU.ActiveCfg = Release|Any CPU
		{F033DC91-DCD8-40E4-A6EE-28C7BB69B5CE}.Release|Any CPU.Build.0 = Release|Any CPU
		{EB5A16B0-37FC-43F8-83D7-93DF34C3F9B2}.Debug|Any CPU.ActiveCfg = Debug|Any CPU
		{EB5A16B0-37FC-43F8-83D7-93DF34C3F9B2}.Debug|Any CPU.Build.0 = Debug|Any CPU
		{EB5A16B0-37FC-43F8-83D7-93DF34C3F9B2}.Release|Any CPU.ActiveCfg = Release|Any CPU
		{EB5A16B0-37FC-43F8-83D7-93DF34C3F9B2}.Release|Any CPU.Build.0 = Release|Any CPU
	EndGlobalSection
	GlobalSection(SolutionProperties) = preSolution
		HideSolutionNode = FALSE
	EndGlobalSection
	GlobalSection(NestedProjects) = preSolution
		{056C05D7-E7D2-4353-A8F0-68FA5B93947F} = {DD51C453-21A0-4639-9163-4EBF895F4546}
		{F26D2AA0-EB60-48DD-8B98-39B3BB84B382} = {DD51C453-21A0-4639-9163-4EBF895F4546}
		{9CBB4EFE-513F-4874-990F-2B7DFD8C9316} = {DD51C453-21A0-4639-9163-4EBF895F4546}
		{32D41EE9-FB85-49B1-849B-7A0FC530DD96} = {DD51C453-21A0-4639-9163-4EBF895F4546}
		{ABBF7789-F13C-42FA-AA58-6CA6D086F452} = {DD51C453-21A0-4639-9163-4EBF895F4546}
		{F8D92C76-FA15-4B8A-ADEB-ACAED1426A48} = {DD51C453-21A0-4639-9163-4EBF895F4546}
		{B3FDFD02-556D-47B6-BA8B-1FECFCF74785} = {DD51C453-21A0-4639-9163-4EBF895F4546}
		{F05F3A8F-348A-4346-B660-A62E77D33FFC} = {DD51C453-21A0-4639-9163-4EBF895F4546}
		{C58D70C1-0662-4CF1-8EDF-515DC96F0090} = {DD51C453-21A0-4639-9163-4EBF895F4546}
		{11452DCE-F722-4A46-84DC-72075BDF32C6} = {DD51C453-21A0-4639-9163-4EBF895F4546}
		{138E74D7-625B-4082-BFB3-360232297955} = {DD51C453-21A0-4639-9163-4EBF895F4546}
		{4CD418ED-7697-4208-A28F-3CC06A9E4DF6} = {DD51C453-21A0-4639-9163-4EBF895F4546}
		{D42E309E-3D4B-411C-A469-73641116D010} = {8436B979-6C9B-4CF7-B020-548E84408B77}
		{1F1478FA-F725-44A2-882F-A6F6657EC90F} = {8E61693E-3165-470C-99F4-E0A9BAB8BCC3}
		{8935A16D-F3FE-4B21-AC7D-2546C561F8A3} = {8E61693E-3165-470C-99F4-E0A9BAB8BCC3}
		{E3B6CE90-BB8A-4E5D-A5AE-223F681204DF} = {8E61693E-3165-470C-99F4-E0A9BAB8BCC3}
		{82FE8335-6674-48FB-859D-27309E706DDD} = {8E61693E-3165-470C-99F4-E0A9BAB8BCC3}
		{8C571B7C-68A5-42F4-890E-6D3B9978367B} = {8E61693E-3165-470C-99F4-E0A9BAB8BCC3}
		{F20669C0-7C4E-4B9C-A993-5C696E97E617} = {8E61693E-3165-470C-99F4-E0A9BAB8BCC3}
		{E69EEA7A-593F-4428-A2B2-DD550DDD0D47} = {8E61693E-3165-470C-99F4-E0A9BAB8BCC3}
		{A75BC15D-9940-49DB-BAD3-C5A5CB298298} = {DD51C453-21A0-4639-9163-4EBF895F4546}
		{4C1D0F3A-FE60-4405-B422-C65CC4E0B965} = {8E61693E-3165-470C-99F4-E0A9BAB8BCC3}
		{F033DC91-DCD8-40E4-A6EE-28C7BB69B5CE} = {DD51C453-21A0-4639-9163-4EBF895F4546}
		{EB5A16B0-37FC-43F8-83D7-93DF34C3F9B2} = {DD51C453-21A0-4639-9163-4EBF895F4546}
	EndGlobalSection
	GlobalSection(ExtensibilityGlobals) = postSolution
		SolutionGuid = {C31E5600-E4DC-4009-A5F6-E5250C8085F4}
	EndGlobalSection
EndGlobal
